
Microsoft Visual Studio Solution File, Format Version 12.00
# Visual Studio 15
VisualStudioVersion = 15.0.28307.421
MinimumVisualStudioVersion = 10.0.40219.1
Project("{9A19103F-16F7-4668-BE54-9A1E7A4F7556}") = "Stubble.Core", "..\Stubble\src\Stubble.Core\Stubble.Core.csproj", "{5625A0D2-3A6B-42E8-B680-B912EEB69460}"
EndProject
Project("{2150E333-8FDC-42A3-9474-1A3956D46DE8}") = "src", "src", "{948013A4-A2F9-4BD1-A875-BD903A7FB86F}"
EndProject
Project("{9A19103F-16F7-4668-BE54-9A1E7A4F7556}") = "Stubble.Extensions.StringFormatter", "Stubble.Extensions.StringFormatter\Stubble.Extensions.StringFormatter.csproj", "{7B989EB5-5FEE-481F-AE02-CE9B770059FD}"
EndProject
Project("{2150E333-8FDC-42A3-9474-1A3956D46DE8}") = "Solution Items", "Solution Items", "{751ACFB3-F2B0-481C-B71B-454A5451A00F}"
	ProjectSection(SolutionItems) = preProject
		readme.md = readme.md
	EndProjectSection
EndProject
Global
	GlobalSection(SolutionConfigurationPlatforms) = preSolution
		Debug|Any CPU = Debug|Any CPU
		Release|Any CPU = Release|Any CPU
	EndGlobalSection
	GlobalSection(ProjectConfigurationPlatforms) = postSolution
		{5625A0D2-3A6B-42E8-B680-B912EEB69460}.Debug|Any CPU.ActiveCfg = Debug|Any CPU
		{5625A0D2-3A6B-42E8-B680-B912EEB69460}.Debug|Any CPU.Build.0 = Debug|Any CPU
		{5625A0D2-3A6B-42E8-B680-B912EEB69460}.Release|Any CPU.ActiveCfg = Release|Any CPU
		{5625A0D2-3A6B-42E8-B680-B912EEB69460}.Release|Any CPU.Build.0 = Release|Any CPU
		{7B989EB5-5FEE-481F-AE02-CE9B770059FD}.Debug|Any CPU.ActiveCfg = Debug|Any CPU
		{7B989EB5-5FEE-481F-AE02-CE9B770059FD}.Debug|Any CPU.Build.0 = Debug|Any CPU
		{7B989EB5-5FEE-481F-AE02-CE9B770059FD}.Release|Any CPU.ActiveCfg = Release|Any CPU
		{7B989EB5-5FEE-481F-AE02-CE9B770059FD}.Release|Any CPU.Build.0 = Release|Any CPU
	EndGlobalSection
	GlobalSection(SolutionProperties) = preSolution
		HideSolutionNode = FALSE
	EndGlobalSection
	GlobalSection(NestedProjects) = preSolution
		{7B989EB5-5FEE-481F-AE02-CE9B770059FD} = {948013A4-A2F9-4BD1-A875-BD903A7FB86F}
	EndGlobalSection
	GlobalSection(ExtensibilityGlobals) = postSolution
		SolutionGuid = {116DE3D1-AB54-4E4B-8F1B-8171BDE9E706}
	EndGlobalSection
EndGlobal
